
Microsoft Visual Studio Solution File, Format Version 12.00
# Visual Studio 2013
VisualStudioVersion = 12.0.21005.1
MinimumVisualStudioVersion = 10.0.40219.1
Project("{FAE04EC0-301F-11D3-BF4B-00C04F79EFBC}") = "LuaApi", "LuaApi\LuaApi.csproj", "{22335C5A-4786-4818-A2AB-6D71C7EC9290}"
EndProject
Project("{FAE04EC0-301F-11D3-BF4B-00C04F79EFBC}") = "LuaApi.Core", "LuaApi.Core\LuaApi.Core.csproj", "{1483609E-7E97-4D63-988E-9207D6826B6F}"
EndProject
Project("{FAE04EC0-301F-11D3-BF4B-00C04F79EFBC}") = "LuaApi.UnitTests", "LuaApi.UnitTests\LuaApi.UnitTests.csproj", "{B3BED40F-792E-44D7-AA9F-59679F03C11D}"
EndProject
Global
	GlobalSection(SolutionConfigurationPlatforms) = preSolution
		Debug|Any CPU = Debug|Any CPU
		Debug|Mixed Platforms = Debug|Mixed Platforms
		Debug|x86 = Debug|x86
		Release|Any CPU = Release|Any CPU
		Release|Mixed Platforms = Release|Mixed Platforms
		Release|x86 = Release|x86
	EndGlobalSection
	GlobalSection(ProjectConfigurationPlatforms) = postSolution
		{22335C5A-4786-4818-A2AB-6D71C7EC9290}.Debug|Any CPU.ActiveCfg = Debug|x86
		{22335C5A-4786-4818-A2AB-6D71C7EC9290}.Debug|Mixed Platforms.ActiveCfg = Debug|x86
		{22335C5A-4786-4818-A2AB-6D71C7EC9290}.Debug|Mixed Platforms.Build.0 = Debug|x86
		{22335C5A-4786-4818-A2AB-6D71C7EC9290}.Debug|x86.ActiveCfg = Debug|x86
		{22335C5A-4786-4818-A2AB-6D71C7EC9290}.Debug|x86.Build.0 = Debug|x86
		{22335C5A-4786-4818-A2AB-6D71C7EC9290}.Release|Any CPU.ActiveCfg = Release|x86
		{22335C5A-4786-4818-A2AB-6D71C7EC9290}.Release|Mixed Platforms.ActiveCfg = Release|x86
		{22335C5A-4786-4818-A2AB-6D71C7EC9290}.Release|Mixed Platforms.Build.0 = Release|x86
		{22335C5A-4786-4818-A2AB-6D71C7EC9290}.Release|x86.ActiveCfg = Release|x86
		{22335C5A-4786-4818-A2AB-6D71C7EC9290}.Release|x86.Build.0 = Release|x86
		{1483609E-7E97-4D63-988E-9207D6826B6F}.Debug|Any CPU.ActiveCfg = Debug|Any CPU
		{1483609E-7E97-4D63-988E-9207D6826B6F}.Debug|Any CPU.Build.0 = Debug|Any CPU
		{1483609E-7E97-4D63-988E-9207D6826B6F}.Debug|Mixed Platforms.ActiveCfg = Debug|Any CPU
		{1483609E-7E97-4D63-988E-9207D6826B6F}.Debug|Mixed Platforms.Build.0 = Debug|Any CPU
		{1483609E-7E97-4D63-988E-9207D6826B6F}.Debug|x86.ActiveCfg = Debug|Any CPU
		{1483609E-7E97-4D63-988E-9207D6826B6F}.Release|Any CPU.ActiveCfg = Release|Any CPU
		{1483609E-7E97-4D63-988E-9207D6826B6F}.Release|Any CPU.Build.0 = Release|Any CPU
		{1483609E-7E97-4D63-988E-9207D6826B6F}.Release|Mixed Platforms.ActiveCfg = Release|Any CPU
		{1483609E-7E97-4D63-988E-9207D6826B6F}.Release|Mixed Platforms.Build.0 = Release|Any CPU
		{1483609E-7E97-4D63-988E-9207D6826B6F}.Release|x86.ActiveCfg = Release|Any CPU
		{B3BED40F-792E-44D7-AA9F-59679F03C11D}.Debug|Any CPU.ActiveCfg = Debug|Any CPU
		{B3BED40F-792E-44D7-AA9F-59679F03C11D}.Debug|Any CPU.Build.0 = Debug|Any CPU
		{B3BED40F-792E-44D7-AA9F-59679F03C11D}.Debug|Mixed Platforms.ActiveCfg = Debug|Any CPU
		{B3BED40F-792E-44D7-AA9F-59679F03C11D}.Debug|Mixed Platforms.Build.0 = Debug|Any CPU
		{B3BED40F-792E-44D7-AA9F-59679F03C11D}.Debug|x86.ActiveCfg = Debug|Any CPU
		{B3BED40F-792E-44D7-AA9F-59679F03C11D}.Release|Any CPU.ActiveCfg = Release|Any CPU
		{B3BED40F-792E-44D7-AA9F-59679F03C11D}.Release|Any CPU.Build.0 = Release|Any CPU
		{B3BED40F-792E-44D7-AA9F-59679F03C11D}.Release|Mixed Platforms.ActiveCfg = Release|Any CPU
		{B3BED40F-792E-44D7-AA9F-59679F03C11D}.Release|Mixed Platforms.Build.0 = Release|Any CPU
		{B3BED40F-792E-44D7-AA9F-59679F03C11D}.Release|x86.ActiveCfg = Release|Any CPU
	EndGlobalSection
	GlobalSection(SolutionProperties) = preSolution
		HideSolutionNode = FALSE
	EndGlobalSection
EndGlobal
